<?xml version="1.0" encoding="utf-8"?>
<Project ToolsVersion="4.0" xmlns="http://schemas.microsoft.com/developer/msbuild/2003">
  <ItemGroup>
    <Filter Include="Source Files">
      <UniqueIdentifier>{4FC737F1-C7A5-4376-A066-2A32D752A2FF}</UniqueIdentifier>
      <Extensions>cpp;c;cc;cxx;def;odl;idl;hpj;bat;asm;asmx</Extensions>
    </Filter>
    <Filter Include="Header Files">
      <UniqueIdentifier>{93995380-89BD-4b04-88EB-625FBE52EBFB}</UniqueIdentifier>
      <Extensions>h;hh;hpp;hxx;hm;inl;inc;xsd</Extensions>
    </Filter>
    <Filter Include="Resource Files">
      <UniqueIdentifier>{D9D6E242-F8AF-46E4-B9FD-80ECBC20BA3E}</UniqueIdentifier>
      <Extensions>qrc;*</Extensions>
      <ParseFiles>false</ParseFiles>
    </Filter>
    <Filter Include="Form Files">
      <UniqueIdentifier>{99349809-55BA-4b9d-BF79-8FDBB0286EB3}</UniqueIdentifier>
      <Extensions>ui</Extensions>
    </Filter>
    <Filter Include="Resource Files">
      <UniqueIdentifier>{D9D6E242-F8AF-46E4-B9FD-80ECBC20BA3E}</UniqueIdentifier>
      <Extensions>qrc;*</Extensions>
      <ParseFiles>false</ParseFiles>
    </Filter>
    <Filter Include="Generated Files">
      <UniqueIdentifier>{71ED8ED8-ACB9-4CE9-BBE1-E00B30144E11}</UniqueIdentifier>
      <Extensions>moc;h;cpp</Extensions>
      <SourceControlFiles>False</SourceControlFiles>
    </Filter>
  </ItemGroup>
  <ItemGroup>
    <ClCompile Include="main.cpp">
      <Filter>Source Files</Filter>
    </ClCompile>
    <ClCompile Include="dog.cpp">
      <Filter>Source Files</Filter>
    </ClCompile>
    <ClCompile Include="test.cpp">
      <Filter>Source Files</Filter>
    </ClCompile>
    <ClCompile Include="dog_validator.cpp">
      <Filter>Source Files</Filter>
    </ClCompile>
    <ClCompile Include="repo.cpp">
      <Filter>Source Files</Filter>
    </ClCompile>
    <ClCompile Include="storage_repo.cpp">
      <Filter>Source Files</Filter>
    </ClCompile>
    <ClCompile Include="repo_csv.cpp">
      <Filter>Source Files</Filter>
    </ClCompile>
    <ClCompile Include="service.cpp">
      <Filter>Source Files</Filter>
    </ClCompile>
    <ClCompile Include="repo_html.cpp">
      <Filter>Source Files</Filter>
    </ClCompile>
    <ClCompile Include="admin_gui.cpp">
      <Filter>Source Files</Filter>
    </ClCompile>
    <ClCompile Include="user_gui.cpp">
      <Filter>Source Files</Filter>
    </ClCompile>
    <ClCompile Include="undo_ops.cpp">
      <Filter>Source Files</Filter>
    </ClCompile>
    <ClCompile Include="redo_ops.cpp">
      <Filter>Source Files</Filter>
    </ClCompile>
    <ClCompile Include="undo_engine.cpp">
      <Filter>Source Files</Filter>
    </ClCompile>
    <ClCompile Include="dogs_table_model.cpp">
      <Filter>Source Files</Filter>
    </ClCompile>
    <ClCompile Include="dogs_view_widget.cpp">
      <Filter>Source Files</Filter>
    </ClCompile>
  </ItemGroup>
  <ItemGroup>
    <QtMoc Include="admin_gui.h">
      <Filter>Header Files</Filter>
    </QtMoc>
    <QtMoc Include="user_gui.h">
      <Filter>Header Files</Filter>
    </QtMoc>
    <QtMoc Include="dogs_table_model.h">
      <Filter>Header Files</Filter>
    </QtMoc>
    <QtMoc Include="dogs_view_widget.h">
      <Filter>Header Files</Filter>
    </QtMoc>
  </ItemGroup>
  <ItemGroup>
    <QtUic Include="QtDogShelter.ui">
      <Filter>Form Files</Filter>
    </QtUic>
  </ItemGroup>
  <ItemGroup>
    <QtRcc Include="QtDogShelter.qrc">
      <Filter>Resource Files</Filter>
    </QtRcc>
  </ItemGroup>
  <ItemGroup>
    <ClInclude Include="dog.h">
      <Filter>Header Files</Filter>
    </ClInclude>
    <ClInclude Include="test.h">
      <Filter>Header Files</Filter>
    </ClInclude>
    <ClInclude Include="dog_validator.h">
      <Filter>Header Files</Filter>
    </ClInclude>
    <ClInclude Include="repo.h">
      <Filter>Header Files</Filter>
    </ClInclude>
    <ClInclude Include="custom_exception.h">
      <Filter>Header Files</Filter>
    </ClInclude>
    <ClInclude Include="repo_csv.h">
      <Filter>Header Files</Filter>
    </ClInclude>
    <ClInclude Include="repo_abstract.h">
      <Filter>Header Files</Filter>
    </ClInclude>
    <ClInclude Include="service.h">
      <Filter>Header Files</Filter>
    </ClInclude>
    <ClInclude Include="repo_html.h">
      <Filter>Header Files</Filter>
    </ClInclude>
    <ClInclude Include="undo_ops.h">
      <Filter>Header Files</Filter>
    </ClInclude>
    <ClInclude Include="redo_ops.h">
      <Filter>Header Files</Filter>
    </ClInclude>
    <ClInclude Include="undo_engine.h">
      <Filter>Header Files</Filter>
    </ClInclude>
  </ItemGroup>
  <ItemGroup>
    <None Include="db.csv" />
  </ItemGroup>
</Project>